// !$*UTF8*$!
{
	archiveVersion = 1;
	classes = {
	};
	objectVersion = 56;
	objects = {

/* Begin PBXBuildFile section */
		0E172F1A2BA4848100125DC4 /* Kingfisher in Frameworks */ = {isa = PBXBuildFile; productRef = 0E172F192BA4848100125DC4 /* Kingfisher */; };
		0E172F1C2BA485D700125DC4 /* SearchViewModel.swift in Sources */ = {isa = PBXBuildFile; fileRef = 0E172F1B2BA485D700125DC4 /* SearchViewModel.swift */; };
		0E172F1E2BA4959700125DC4 /* ProfileViewModel.swift in Sources */ = {isa = PBXBuildFile; fileRef = 0E172F1D2BA4959700125DC4 /* ProfileViewModel.swift */; };
		0E172F202BA4B98200125DC4 /* UploadTweetViewModel.swift in Sources */ = {isa = PBXBuildFile; fileRef = 0E172F1F2BA4B98200125DC4 /* UploadTweetViewModel.swift */; };
		0E172F222BA4C33000125DC4 /* FeedViewModel.swift in Sources */ = {isa = PBXBuildFile; fileRef = 0E172F212BA4C33000125DC4 /* FeedViewModel.swift */; };
		0E172F242BA4C34E00125DC4 /* Tweet.swift in Sources */ = {isa = PBXBuildFile; fileRef = 0E172F232BA4C34E00125DC4 /* Tweet.swift */; };
		0E172F262BA4CDE000125DC4 /* TweetDetailView.swift in Sources */ = {isa = PBXBuildFile; fileRef = 0E172F252BA4CDE000125DC4 /* TweetDetailView.swift */; };
		0E172F282BA4D46600125DC4 /* TweetActionViewModel.swift in Sources */ = {isa = PBXBuildFile; fileRef = 0E172F272BA4D46600125DC4 /* TweetActionViewModel.swift */; };
		0E172F2A2BA4D7DD00125DC4 /* TweetActionView.swift in Sources */ = {isa = PBXBuildFile; fileRef = 0E172F292BA4D7DD00125DC4 /* TweetActionView.swift */; };
		0E5CC6102BA318FD00E6B0F6 /* GoogleService-Info.plist in Resources */ = {isa = PBXBuildFile; fileRef = 0E5CC60F2BA318FD00E6B0F6 /* GoogleService-Info.plist */; };
		0E5CC6132BA31AF600E6B0F6 /* FirebaseAuth in Frameworks */ = {isa = PBXBuildFile; productRef = 0E5CC6122BA31AF600E6B0F6 /* FirebaseAuth */; };
		0E5CC6152BA31AF600E6B0F6 /* FirebaseFirestore in Frameworks */ = {isa = PBXBuildFile; productRef = 0E5CC6142BA31AF600E6B0F6 /* FirebaseFirestore */; };
		0E5CC6172BA31AF600E6B0F6 /* FirebaseStorage in Frameworks */ = {isa = PBXBuildFile; productRef = 0E5CC6162BA31AF600E6B0F6 /* FirebaseStorage */; };
		0E5CC6192BA3287C00E6B0F6 /* AuthViewModel.swift in Sources */ = {isa = PBXBuildFile; fileRef = 0E5CC6182BA3287C00E6B0F6 /* AuthViewModel.swift */; };
		0E5CC61B2BA3494000E6B0F6 /* User.swift in Sources */ = {isa = PBXBuildFile; fileRef = 0E5CC61A2BA3494000E6B0F6 /* User.swift */; };
		0E819E502B99E95500303071 /* TwitterApp.swift in Sources */ = {isa = PBXBuildFile; fileRef = 0E819E4F2B99E95500303071 /* TwitterApp.swift */; };
		0E819E522B99E95500303071 /* ContentView.swift in Sources */ = {isa = PBXBuildFile; fileRef = 0E819E512B99E95500303071 /* ContentView.swift */; };
		0E819E542B99E95700303071 /* Assets.xcassets in Resources */ = {isa = PBXBuildFile; fileRef = 0E819E532B99E95700303071 /* Assets.xcassets */; };
		0E819E572B99E95700303071 /* Preview Assets.xcassets in Resources */ = {isa = PBXBuildFile; fileRef = 0E819E562B99E95700303071 /* Preview Assets.xcassets */; };
		0EB5BAC52BA1BF0300700155 /* UserProfileView.swift in Sources */ = {isa = PBXBuildFile; fileRef = 0EB5BAC42BA1BF0300700155 /* UserProfileView.swift */; };
		0EB5BAC72BA1BFF300700155 /* ProfileHeaderView.swift in Sources */ = {isa = PBXBuildFile; fileRef = 0EB5BAC62BA1BFF300700155 /* ProfileHeaderView.swift */; };
		0EB5BAC92BA1C00600700155 /* ProfileActionButtonView.swift in Sources */ = {isa = PBXBuildFile; fileRef = 0EB5BAC82BA1C00600700155 /* ProfileActionButtonView.swift */; };
		0EB5BACB2BA1C01400700155 /* FilterButtonView.swift in Sources */ = {isa = PBXBuildFile; fileRef = 0EB5BACA2BA1C01400700155 /* FilterButtonView.swift */; };
		0EB5BACE2BA1E7D200700155 /* NewTweetView.swift in Sources */ = {isa = PBXBuildFile; fileRef = 0EB5BACD2BA1E7D200700155 /* NewTweetView.swift */; };
		0EB5BAD32BA1EE2B00700155 /* TextArea.swift in Sources */ = {isa = PBXBuildFile; fileRef = 0EB5BAD22BA1EE2B00700155 /* TextArea.swift */; };
		0EB5BAD62BA1F8C900700155 /* LoginView.swift in Sources */ = {isa = PBXBuildFile; fileRef = 0EB5BAD52BA1F8C900700155 /* LoginView.swift */; };
		0EB5BAD82BA1F8D900700155 /* RegistrationView.swift in Sources */ = {isa = PBXBuildFile; fileRef = 0EB5BAD72BA1F8D900700155 /* RegistrationView.swift */; };
		0EB5BADA2BA1FADD00700155 /* Constants.swift in Sources */ = {isa = PBXBuildFile; fileRef = 0EB5BAD92BA1FADD00700155 /* Constants.swift */; };
		0EB5BADC2BA1FB5800700155 /* CustomTextField.swift in Sources */ = {isa = PBXBuildFile; fileRef = 0EB5BADB2BA1FB5800700155 /* CustomTextField.swift */; };
		0EB5BADE2BA1FD7500700155 /* CustomSecureField.swift in Sources */ = {isa = PBXBuildFile; fileRef = 0EB5BADD2BA1FD7500700155 /* CustomSecureField.swift */; };
		0EB5BAE02BA2109400700155 /* ImagePicker.swift in Sources */ = {isa = PBXBuildFile; fileRef = 0EB5BADF2BA2109400700155 /* ImagePicker.swift */; };
		0EF564192B99FC010015B1D7 /* FeedView.swift in Sources */ = {isa = PBXBuildFile; fileRef = 0EF564182B99FC010015B1D7 /* FeedView.swift */; };
		0EF5641B2B9A03310015B1D7 /* TweetCell.swift in Sources */ = {isa = PBXBuildFile; fileRef = 0EF5641A2B9A03310015B1D7 /* TweetCell.swift */; };
		0EF5641D2B9A4BA90015B1D7 /* SearchView.swift in Sources */ = {isa = PBXBuildFile; fileRef = 0EF5641C2B9A4BA90015B1D7 /* SearchView.swift */; };
		0EF5641F2B9A4C410015B1D7 /* SearchBar.swift in Sources */ = {isa = PBXBuildFile; fileRef = 0EF5641E2B9A4C410015B1D7 /* SearchBar.swift */; };
		0EF564212B9B322A0015B1D7 /* UserCell.swift in Sources */ = {isa = PBXBuildFile; fileRef = 0EF564202B9B322A0015B1D7 /* UserCell.swift */; };
		0EF564242B9B36750015B1D7 /* ConversationsView.swift in Sources */ = {isa = PBXBuildFile; fileRef = 0EF564232B9B36750015B1D7 /* ConversationsView.swift */; };
		0EF564262B9B36870015B1D7 /* ConversationCell.swift in Sources */ = {isa = PBXBuildFile; fileRef = 0EF564252B9B36870015B1D7 /* ConversationCell.swift */; };
		0EF564282B9B42CD0015B1D7 /* MessageInputView.swift in Sources */ = {isa = PBXBuildFile; fileRef = 0EF564272B9B42CD0015B1D7 /* MessageInputView.swift */; };
		0EF5642A2B9B43B40015B1D7 /* ChatView.swift in Sources */ = {isa = PBXBuildFile; fileRef = 0EF564292B9B43B40015B1D7 /* ChatView.swift */; };
		0EF5642E2B9B511F0015B1D7 /* ChatBubble.swift in Sources */ = {isa = PBXBuildFile; fileRef = 0EF5642D2B9B511F0015B1D7 /* ChatBubble.swift */; };
		0EF564302B9B53F40015B1D7 /* Message.swift in Sources */ = {isa = PBXBuildFile; fileRef = 0EF5642F2B9B53F40015B1D7 /* Message.swift */; };
		0EF564322B9B573C0015B1D7 /* MessageView.swift in Sources */ = {isa = PBXBuildFile; fileRef = 0EF564312B9B573C0015B1D7 /* MessageView.swift */; };
		0EF564342B9B587A0015B1D7 /* NewMessageView.swift in Sources */ = {isa = PBXBuildFile; fileRef = 0EF564332B9B587A0015B1D7 /* NewMessageView.swift */; };
/* End PBXBuildFile section */

/* Begin PBXFileReference section */
		0E172F1B2BA485D700125DC4 /* SearchViewModel.swift */ = {isa = PBXFileReference; lastKnownFileType = sourcecode.swift; path = SearchViewModel.swift; sourceTree = "<group>"; };
		0E172F1D2BA4959700125DC4 /* ProfileViewModel.swift */ = {isa = PBXFileReference; lastKnownFileType = sourcecode.swift; path = ProfileViewModel.swift; sourceTree = "<group>"; };
		0E172F1F2BA4B98200125DC4 /* UploadTweetViewModel.swift */ = {isa = PBXFileReference; lastKnownFileType = sourcecode.swift; path = UploadTweetViewModel.swift; sourceTree = "<group>"; };
		0E172F212BA4C33000125DC4 /* FeedViewModel.swift */ = {isa = PBXFileReference; lastKnownFileType = sourcecode.swift; path = FeedViewModel.swift; sourceTree = "<group>"; };
		0E172F232BA4C34E00125DC4 /* Tweet.swift */ = {isa = PBXFileReference; lastKnownFileType = sourcecode.swift; name = Tweet.swift; path = Twitter/ViewModel/Tweet.swift; sourceTree = SOURCE_ROOT; };
		0E172F252BA4CDE000125DC4 /* TweetDetailView.swift */ = {isa = PBXFileReference; lastKnownFileType = sourcecode.swift; path = TweetDetailView.swift; sourceTree = "<group>"; };
		0E172F272BA4D46600125DC4 /* TweetActionViewModel.swift */ = {isa = PBXFileReference; lastKnownFileType = sourcecode.swift; path = TweetActionViewModel.swift; sourceTree = "<group>"; };
		0E172F292BA4D7DD00125DC4 /* TweetActionView.swift */ = {isa = PBXFileReference; lastKnownFileType = sourcecode.swift; path = TweetActionView.swift; sourceTree = "<group>"; };
		0E5CC60F2BA318FD00E6B0F6 /* GoogleService-Info.plist */ = {isa = PBXFileReference; fileEncoding = 4; lastKnownFileType = text.plist.xml; path = "GoogleService-Info.plist"; sourceTree = "<group>"; };
		0E5CC6182BA3287C00E6B0F6 /* AuthViewModel.swift */ = {isa = PBXFileReference; lastKnownFileType = sourcecode.swift; path = AuthViewModel.swift; sourceTree = "<group>"; };
		0E5CC61A2BA3494000E6B0F6 /* User.swift */ = {isa = PBXFileReference; lastKnownFileType = sourcecode.swift; name = User.swift; path = Twitter/ViewModel/User.swift; sourceTree = SOURCE_ROOT; };
		0E819E4C2B99E95500303071 /* Twitter.app */ = {isa = PBXFileReference; explicitFileType = wrapper.application; includeInIndex = 0; path = Twitter.app; sourceTree = BUILT_PRODUCTS_DIR; };
		0E819E4F2B99E95500303071 /* TwitterApp.swift */ = {isa = PBXFileReference; lastKnownFileType = sourcecode.swift; path = TwitterApp.swift; sourceTree = "<group>"; };
		0E819E512B99E95500303071 /* ContentView.swift */ = {isa = PBXFileReference; lastKnownFileType = sourcecode.swift; path = ContentView.swift; sourceTree = "<group>"; };
		0E819E532B99E95700303071 /* Assets.xcassets */ = {isa = PBXFileReference; lastKnownFileType = folder.assetcatalog; path = Assets.xcassets; sourceTree = "<group>"; };
		0E819E562B99E95700303071 /* Preview Assets.xcassets */ = {isa = PBXFileReference; lastKnownFileType = folder.assetcatalog; path = "Preview Assets.xcassets"; sourceTree = "<group>"; };
		0EB5BAC42BA1BF0300700155 /* UserProfileView.swift */ = {isa = PBXFileReference; lastKnownFileType = sourcecode.swift; path = UserProfileView.swift; sourceTree = "<group>"; };
		0EB5BAC62BA1BFF300700155 /* ProfileHeaderView.swift */ = {isa = PBXFileReference; lastKnownFileType = sourcecode.swift; path = ProfileHeaderView.swift; sourceTree = "<group>"; };
		0EB5BAC82BA1C00600700155 /* ProfileActionButtonView.swift */ = {isa = PBXFileReference; lastKnownFileType = sourcecode.swift; path = ProfileActionButtonView.swift; sourceTree = "<group>"; };
		0EB5BACA2BA1C01400700155 /* FilterButtonView.swift */ = {isa = PBXFileReference; lastKnownFileType = sourcecode.swift; path = FilterButtonView.swift; sourceTree = "<group>"; };
		0EB5BACD2BA1E7D200700155 /* NewTweetView.swift */ = {isa = PBXFileReference; lastKnownFileType = sourcecode.swift; path = NewTweetView.swift; sourceTree = "<group>"; };
		0EB5BAD22BA1EE2B00700155 /* TextArea.swift */ = {isa = PBXFileReference; lastKnownFileType = sourcecode.swift; path = TextArea.swift; sourceTree = "<group>"; };
		0EB5BAD52BA1F8C900700155 /* LoginView.swift */ = {isa = PBXFileReference; lastKnownFileType = sourcecode.swift; path = LoginView.swift; sourceTree = "<group>"; };
		0EB5BAD72BA1F8D900700155 /* RegistrationView.swift */ = {isa = PBXFileReference; lastKnownFileType = sourcecode.swift; path = RegistrationView.swift; sourceTree = "<group>"; };
		0EB5BAD92BA1FADD00700155 /* Constants.swift */ = {isa = PBXFileReference; lastKnownFileType = sourcecode.swift; path = Constants.swift; sourceTree = "<group>"; };
		0EB5BADB2BA1FB5800700155 /* CustomTextField.swift */ = {isa = PBXFileReference; fileEncoding = 4; lastKnownFileType = sourcecode.swift; path = CustomTextField.swift; sourceTree = "<group>"; };
		0EB5BADD2BA1FD7500700155 /* CustomSecureField.swift */ = {isa = PBXFileReference; fileEncoding = 4; lastKnownFileType = sourcecode.swift; path = CustomSecureField.swift; sourceTree = "<group>"; };
		0EB5BADF2BA2109400700155 /* ImagePicker.swift */ = {isa = PBXFileReference; lastKnownFileType = sourcecode.swift; path = ImagePicker.swift; sourceTree = "<group>"; };
		0EF564182B99FC010015B1D7 /* FeedView.swift */ = {isa = PBXFileReference; lastKnownFileType = sourcecode.swift; path = FeedView.swift; sourceTree = "<group>"; };
		0EF5641A2B9A03310015B1D7 /* TweetCell.swift */ = {isa = PBXFileReference; lastKnownFileType = sourcecode.swift; path = TweetCell.swift; sourceTree = "<group>"; };
		0EF5641C2B9A4BA90015B1D7 /* SearchView.swift */ = {isa = PBXFileReference; lastKnownFileType = sourcecode.swift; path = SearchView.swift; sourceTree = "<group>"; };
		0EF5641E2B9A4C410015B1D7 /* SearchBar.swift */ = {isa = PBXFileReference; lastKnownFileType = sourcecode.swift; path = SearchBar.swift; sourceTree = "<group>"; };
		0EF564202B9B322A0015B1D7 /* UserCell.swift */ = {isa = PBXFileReference; lastKnownFileType = sourcecode.swift; path = UserCell.swift; sourceTree = "<group>"; };
		0EF564232B9B36750015B1D7 /* ConversationsView.swift */ = {isa = PBXFileReference; lastKnownFileType = sourcecode.swift; path = ConversationsView.swift; sourceTree = "<group>"; };
		0EF564252B9B36870015B1D7 /* ConversationCell.swift */ = {isa = PBXFileReference; lastKnownFileType = sourcecode.swift; path = ConversationCell.swift; sourceTree = "<group>"; };
		0EF564272B9B42CD0015B1D7 /* MessageInputView.swift */ = {isa = PBXFileReference; lastKnownFileType = sourcecode.swift; path = MessageInputView.swift; sourceTree = "<group>"; };
		0EF564292B9B43B40015B1D7 /* ChatView.swift */ = {isa = PBXFileReference; lastKnownFileType = sourcecode.swift; path = ChatView.swift; sourceTree = "<group>"; };
		0EF5642D2B9B511F0015B1D7 /* ChatBubble.swift */ = {isa = PBXFileReference; lastKnownFileType = sourcecode.swift; path = ChatBubble.swift; sourceTree = "<group>"; };
		0EF5642F2B9B53F40015B1D7 /* Message.swift */ = {isa = PBXFileReference; lastKnownFileType = sourcecode.swift; name = Message.swift; path = Twitter/View/Messages/Message.swift; sourceTree = SOURCE_ROOT; };
		0EF564312B9B573C0015B1D7 /* MessageView.swift */ = {isa = PBXFileReference; lastKnownFileType = sourcecode.swift; path = MessageView.swift; sourceTree = "<group>"; };
		0EF564332B9B587A0015B1D7 /* NewMessageView.swift */ = {isa = PBXFileReference; lastKnownFileType = sourcecode.swift; path = NewMessageView.swift; sourceTree = "<group>"; };
/* End PBXFileReference section */

/* Begin PBXFrameworksBuildPhase section */
		0E819E492B99E95500303071 /* Frameworks */ = {
			isa = PBXFrameworksBuildPhase;
			buildActionMask = 2147483647;
			files = (
				0E172F1A2BA4848100125DC4 /* Kingfisher in Frameworks */,
				0E5CC6132BA31AF600E6B0F6 /* FirebaseAuth in Frameworks */,
				0E5CC6152BA31AF600E6B0F6 /* FirebaseFirestore in Frameworks */,
				0E5CC6172BA31AF600E6B0F6 /* FirebaseStorage in Frameworks */,
			);
			runOnlyForDeploymentPostprocessing = 0;
		};
/* End PBXFrameworksBuildPhase section */

/* Begin PBXGroup section */
		0E819E432B99E95500303071 = {
			isa = PBXGroup;
			children = (
				0E819E4E2B99E95500303071 /* Twitter */,
				0E819E4D2B99E95500303071 /* Products */,
			);
			sourceTree = "<group>";
		};
		0E819E4D2B99E95500303071 /* Products */ = {
			isa = PBXGroup;
			children = (
				0E819E4C2B99E95500303071 /* Twitter.app */,
			);
			name = Products;
			sourceTree = "<group>";
		};
		0E819E4E2B99E95500303071 /* Twitter */ = {
			isa = PBXGroup;
			children = (
				0EB5BACF2BA1EDE800700155 /* Utils */,
				0EF564172B99FBB40015B1D7 /* Model */,
				0EF564162B99FBB40015B1D7 /* View */,
				0E819E5D2B99FB8400303071 /* ViewModel */,
				0E819E4F2B99E95500303071 /* TwitterApp.swift */,
				0E5CC60F2BA318FD00E6B0F6 /* GoogleService-Info.plist */,
				0E819E552B99E95700303071 /* Preview Content */,
				0E819E532B99E95700303071 /* Assets.xcassets */,
			);
			path = Twitter;
			sourceTree = "<group>";
		};
		0E819E552B99E95700303071 /* Preview Content */ = {
			isa = PBXGroup;
			children = (
				0E819E562B99E95700303071 /* Preview Assets.xcassets */,
			);
			path = "Preview Content";
			sourceTree = "<group>";
		};
		0E819E5D2B99FB8400303071 /* ViewModel */ = {
			isa = PBXGroup;
			children = (
				0E5CC6182BA3287C00E6B0F6 /* AuthViewModel.swift */,
				0E172F1B2BA485D700125DC4 /* SearchViewModel.swift */,
				0E172F1D2BA4959700125DC4 /* ProfileViewModel.swift */,
				0E172F1F2BA4B98200125DC4 /* UploadTweetViewModel.swift */,
				0E172F212BA4C33000125DC4 /* FeedViewModel.swift */,
				0E172F272BA4D46600125DC4 /* TweetActionViewModel.swift */,
			);
			path = ViewModel;
			sourceTree = "<group>";
		};
		0EB5BAC32BA1BEF200700155 /* Profile */ = {
			isa = PBXGroup;
			children = (
				0EB5BAC42BA1BF0300700155 /* UserProfileView.swift */,
				0EB5BAC62BA1BFF300700155 /* ProfileHeaderView.swift */,
				0EB5BAC82BA1C00600700155 /* ProfileActionButtonView.swift */,
				0EB5BACA2BA1C01400700155 /* FilterButtonView.swift */,
			);
			path = Profile;
			sourceTree = "<group>";
		};
		0EB5BACC2BA1E7B400700155 /* Tweets */ = {
			isa = PBXGroup;
			children = (
				0EB5BACD2BA1E7D200700155 /* NewTweetView.swift */,
				0E172F252BA4CDE000125DC4 /* TweetDetailView.swift */,
				0E172F292BA4D7DD00125DC4 /* TweetActionView.swift */,
			);
			path = Tweets;
			sourceTree = "<group>";
		};
		0EB5BACF2BA1EDE800700155 /* Utils */ = {
			isa = PBXGroup;
			children = (
				0EB5BAD02BA1EDF800700155 /* Views */,
				0EB5BAD92BA1FADD00700155 /* Constants.swift */,
			);
			path = Utils;
			sourceTree = "<group>";
		};
		0EB5BAD02BA1EDF800700155 /* Views */ = {
			isa = PBXGroup;
			children = (
				0EB5BAD22BA1EE2B00700155 /* TextArea.swift */,
				0EB5BADB2BA1FB5800700155 /* CustomTextField.swift */,
				0EB5BADD2BA1FD7500700155 /* CustomSecureField.swift */,
				0EB5BADF2BA2109400700155 /* ImagePicker.swift */,
			);
			path = Views;
			sourceTree = "<group>";
		};
		0EB5BAD42BA1F8BA00700155 /* Authentification */ = {
			isa = PBXGroup;
			children = (
				0EB5BAD52BA1F8C900700155 /* LoginView.swift */,
				0EB5BAD72BA1F8D900700155 /* RegistrationView.swift */,
			);
			path = Authentification;
			sourceTree = "<group>";
		};
		0EF564162B99FBB40015B1D7 /* View */ = {
			isa = PBXGroup;
			children = (
				0EB5BAD42BA1F8BA00700155 /* Authentification */,
				0EB5BACC2BA1E7B400700155 /* Tweets */,
				0EB5BAC32BA1BEF200700155 /* Profile */,
				0EF564222B9B36650015B1D7 /* Messages */,
				0E819E512B99E95500303071 /* ContentView.swift */,
				0EF564182B99FC010015B1D7 /* FeedView.swift */,
				0EF5641A2B9A03310015B1D7 /* TweetCell.swift */,
				0EF5641C2B9A4BA90015B1D7 /* SearchView.swift */,
				0EF5641E2B9A4C410015B1D7 /* SearchBar.swift */,
				0EF564202B9B322A0015B1D7 /* UserCell.swift */,
			);
			path = View;
			sourceTree = "<group>";
		};
		0EF564172B99FBB40015B1D7 /* Model */ = {
			isa = PBXGroup;
			children = (
				0EF5642F2B9B53F40015B1D7 /* Message.swift */,
				0E5CC61A2BA3494000E6B0F6 /* User.swift */,
				0E172F232BA4C34E00125DC4 /* Tweet.swift */,
			);
			name = Model;
			path = "New Group1/Model";
			sourceTree = "<group>";
		};
		0EF564222B9B36650015B1D7 /* Messages */ = {
			isa = PBXGroup;
			children = (
				0EF564232B9B36750015B1D7 /* ConversationsView.swift */,
				0EF564252B9B36870015B1D7 /* ConversationCell.swift */,
				0EF564272B9B42CD0015B1D7 /* MessageInputView.swift */,
				0EF564292B9B43B40015B1D7 /* ChatView.swift */,
				0EF5642D2B9B511F0015B1D7 /* ChatBubble.swift */,
				0EF564312B9B573C0015B1D7 /* MessageView.swift */,
				0EF564332B9B587A0015B1D7 /* NewMessageView.swift */,
			);
			path = Messages;
			sourceTree = "<group>";
		};
/* End PBXGroup section */

/* Begin PBXNativeTarget section */
		0E819E4B2B99E95500303071 /* Twitter */ = {
			isa = PBXNativeTarget;
			buildConfigurationList = 0E819E5A2B99E95700303071 /* Build configuration list for PBXNativeTarget "Twitter" */;
			buildPhases = (
				0E819E482B99E95500303071 /* Sources */,
				0E819E492B99E95500303071 /* Frameworks */,
				0E819E4A2B99E95500303071 /* Resources */,
			);
			buildRules = (
			);
			dependencies = (
			);
			name = Twitter;
			packageProductDependencies = (
				0E5CC6122BA31AF600E6B0F6 /* FirebaseAuth */,
				0E5CC6142BA31AF600E6B0F6 /* FirebaseFirestore */,
				0E5CC6162BA31AF600E6B0F6 /* FirebaseStorage */,
				0E172F192BA4848100125DC4 /* Kingfisher */,
			);
			productName = Twitter;
			productReference = 0E819E4C2B99E95500303071 /* Twitter.app */;
			productType = "com.apple.product-type.application";
		};
/* End PBXNativeTarget section */

/* Begin PBXProject section */
		0E819E442B99E95500303071 /* Project object */ = {
			isa = PBXProject;
			attributes = {
				BuildIndependentTargetsInParallel = 1;
				LastSwiftUpdateCheck = 1420;
				LastUpgradeCheck = 1420;
				TargetAttributes = {
					0E819E4B2B99E95500303071 = {
						CreatedOnToolsVersion = 14.2;
					};
				};
			};
			buildConfigurationList = 0E819E472B99E95500303071 /* Build configuration list for PBXProject "Twitter" */;
			compatibilityVersion = "Xcode 14.0";
			developmentRegion = en;
			hasScannedForEncodings = 0;
			knownRegions = (
				en,
				Base,
			);
			mainGroup = 0E819E432B99E95500303071;
			packageReferences = (
				0E5CC6112BA31AF600E6B0F6 /* XCRemoteSwiftPackageReference "firebase-ios-sdk" */,
				0E172F182BA4848100125DC4 /* XCRemoteSwiftPackageReference "Kingfisher" */,
			);
			productRefGroup = 0E819E4D2B99E95500303071 /* Products */;
			projectDirPath = "";
			projectRoot = "";
			targets = (
				0E819E4B2B99E95500303071 /* Twitter */,
			);
		};
/* End PBXProject section */

/* Begin PBXResourcesBuildPhase section */
		0E819E4A2B99E95500303071 /* Resources */ = {
			isa = PBXResourcesBuildPhase;
			buildActionMask = 2147483647;
			files = (
				0E819E572B99E95700303071 /* Preview Assets.xcassets in Resources */,
				0E819E542B99E95700303071 /* Assets.xcassets in Resources */,
				0E5CC6102BA318FD00E6B0F6 /* GoogleService-Info.plist in Resources */,
			);
			runOnlyForDeploymentPostprocessing = 0;
		};
/* End PBXResourcesBuildPhase section */

/* Begin PBXSourcesBuildPhase section */
		0E819E482B99E95500303071 /* Sources */ = {
			isa = PBXSourcesBuildPhase;
			buildActionMask = 2147483647;
			files = (
				0EF5641D2B9A4BA90015B1D7 /* SearchView.swift in Sources */,
				0EB5BAD32BA1EE2B00700155 /* TextArea.swift in Sources */,
				0E819E522B99E95500303071 /* ContentView.swift in Sources */,
				0EB5BAE02BA2109400700155 /* ImagePicker.swift in Sources */,
				0EF564192B99FC010015B1D7 /* FeedView.swift in Sources */,
				0E172F242BA4C34E00125DC4 /* Tweet.swift in Sources */,
				0E172F222BA4C33000125DC4 /* FeedViewModel.swift in Sources */,
				0EF564242B9B36750015B1D7 /* ConversationsView.swift in Sources */,
				0E172F1C2BA485D700125DC4 /* SearchViewModel.swift in Sources */,
				0EB5BAC72BA1BFF300700155 /* ProfileHeaderView.swift in Sources */,
				0EF5642A2B9B43B40015B1D7 /* ChatView.swift in Sources */,
				0E5CC61B2BA3494000E6B0F6 /* User.swift in Sources */,
				0EB5BAD82BA1F8D900700155 /* RegistrationView.swift in Sources */,
				0EF564282B9B42CD0015B1D7 /* MessageInputView.swift in Sources */,
				0E172F1E2BA4959700125DC4 /* ProfileViewModel.swift in Sources */,
				0EB5BADC2BA1FB5800700155 /* CustomTextField.swift in Sources */,
				0EB5BAD62BA1F8C900700155 /* LoginView.swift in Sources */,
				0E172F202BA4B98200125DC4 /* UploadTweetViewModel.swift in Sources */,
				0EB5BACE2BA1E7D200700155 /* NewTweetView.swift in Sources */,
				0EB5BACB2BA1C01400700155 /* FilterButtonView.swift in Sources */,
				0E172F2A2BA4D7DD00125DC4 /* TweetActionView.swift in Sources */,
				0E819E502B99E95500303071 /* TwitterApp.swift in Sources */,
				0EF5642E2B9B511F0015B1D7 /* ChatBubble.swift in Sources */,
				0E172F262BA4CDE000125DC4 /* TweetDetailView.swift in Sources */,
				0EF5641B2B9A03310015B1D7 /* TweetCell.swift in Sources */,
				0EF564342B9B587A0015B1D7 /* NewMessageView.swift in Sources */,
				0EF564302B9B53F40015B1D7 /* Message.swift in Sources */,
				0EB5BAC52BA1BF0300700155 /* UserProfileView.swift in Sources */,
				0EF5641F2B9A4C410015B1D7 /* SearchBar.swift in Sources */,
				0E172F282BA4D46600125DC4 /* TweetActionViewModel.swift in Sources */,
				0EB5BADE2BA1FD7500700155 /* CustomSecureField.swift in Sources */,
				0EB5BAC92BA1C00600700155 /* ProfileActionButtonView.swift in Sources */,
				0EF564212B9B322A0015B1D7 /* UserCell.swift in Sources */,
				0E5CC6192BA3287C00E6B0F6 /* AuthViewModel.swift in Sources */,
				0EF564322B9B573C0015B1D7 /* MessageView.swift in Sources */,
				0EF564262B9B36870015B1D7 /* ConversationCell.swift in Sources */,
				0EB5BADA2BA1FADD00700155 /* Constants.swift in Sources */,
			);
			runOnlyForDeploymentPostprocessing = 0;
		};
/* End PBXSourcesBuildPhase section */

/* Begin XCBuildConfiguration section */
		0E819E582B99E95700303071 /* Debug */ = {
			isa = XCBuildConfiguration;
			buildSettings = {
				ALWAYS_SEARCH_USER_PATHS = NO;
				CLANG_ANALYZER_NONNULL = YES;
				CLANG_ANALYZER_NUMBER_OBJECT_CONVERSION = YES_AGGRESSIVE;
				CLANG_CXX_LANGUAGE_STANDARD = "gnu++20";
				CLANG_ENABLE_MODULES = YES;
				CLANG_ENABLE_OBJC_ARC = YES;
				CLANG_ENABLE_OBJC_WEAK = YES;
				CLANG_WARN_BLOCK_CAPTURE_AUTORELEASING = YES;
				CLANG_WARN_BOOL_CONVERSION = YES;
				CLANG_WARN_COMMA = YES;
				CLANG_WARN_CONSTANT_CONVERSION = YES;
				CLANG_WARN_DEPRECATED_OBJC_IMPLEMENTATIONS = YES;
				CLANG_WARN_DIRECT_OBJC_ISA_USAGE = YES_ERROR;
				CLANG_WARN_DOCUMENTATION_COMMENTS = YES;
				CLANG_WARN_EMPTY_BODY = YES;
				CLANG_WARN_ENUM_CONVERSION = YES;
				CLANG_WARN_INFINITE_RECURSION = YES;
				CLANG_WARN_INT_CONVERSION = YES;
				CLANG_WARN_NON_LITERAL_NULL_CONVERSION = YES;
				CLANG_WARN_OBJC_IMPLICIT_RETAIN_SELF = YES;
				CLANG_WARN_OBJC_LITERAL_CONVERSION = YES;
				CLANG_WARN_OBJC_ROOT_CLASS = YES_ERROR;
				CLANG_WARN_QUOTED_INCLUDE_IN_FRAMEWORK_HEADER = YES;
				CLANG_WARN_RANGE_LOOP_ANALYSIS = YES;
				CLANG_WARN_STRICT_PROTOTYPES = YES;
				CLANG_WARN_SUSPICIOUS_MOVE = YES;
				CLANG_WARN_UNGUARDED_AVAILABILITY = YES_AGGRESSIVE;
				CLANG_WARN_UNREACHABLE_CODE = YES;
				CLANG_WARN__DUPLICATE_METHOD_MATCH = YES;
				COPY_PHASE_STRIP = NO;
				DEBUG_INFORMATION_FORMAT = dwarf;
				ENABLE_STRICT_OBJC_MSGSEND = YES;
				ENABLE_TESTABILITY = YES;
				GCC_C_LANGUAGE_STANDARD = gnu11;
				GCC_DYNAMIC_NO_PIC = NO;
				GCC_NO_COMMON_BLOCKS = YES;
				GCC_OPTIMIZATION_LEVEL = 0;
				GCC_PREPROCESSOR_DEFINITIONS = (
					"DEBUG=1",
					"$(inherited)",
				);
				GCC_WARN_64_TO_32_BIT_CONVERSION = YES;
				GCC_WARN_ABOUT_RETURN_TYPE = YES_ERROR;
				GCC_WARN_UNDECLARED_SELECTOR = YES;
				GCC_WARN_UNINITIALIZED_AUTOS = YES_AGGRESSIVE;
				GCC_WARN_UNUSED_FUNCTION = YES;
				GCC_WARN_UNUSED_VARIABLE = YES;
				IPHONEOS_DEPLOYMENT_TARGET = 16.2;
				MTL_ENABLE_DEBUG_INFO = INCLUDE_SOURCE;
				MTL_FAST_MATH = YES;
				ONLY_ACTIVE_ARCH = YES;
				SDKROOT = iphoneos;
				SWIFT_ACTIVE_COMPILATION_CONDITIONS = DEBUG;
				SWIFT_OPTIMIZATION_LEVEL = "-Onone";
			};
			name = Debug;
		};
		0E819E592B99E95700303071 /* Release */ = {
			isa = XCBuildConfiguration;
			buildSettings = {
				ALWAYS_SEARCH_USER_PATHS = NO;
				CLANG_ANALYZER_NONNULL = YES;
				CLANG_ANALYZER_NUMBER_OBJECT_CONVERSION = YES_AGGRESSIVE;
				CLANG_CXX_LANGUAGE_STANDARD = "gnu++20";
				CLANG_ENABLE_MODULES = YES;
				CLANG_ENABLE_OBJC_ARC = YES;
				CLANG_ENABLE_OBJC_WEAK = YES;
				CLANG_WARN_BLOCK_CAPTURE_AUTORELEASING = YES;
				CLANG_WARN_BOOL_CONVERSION = YES;
				CLANG_WARN_COMMA = YES;
				CLANG_WARN_CONSTANT_CONVERSION = YES;
				CLANG_WARN_DEPRECATED_OBJC_IMPLEMENTATIONS = YES;
				CLANG_WARN_DIRECT_OBJC_ISA_USAGE = YES_ERROR;
				CLANG_WARN_DOCUMENTATION_COMMENTS = YES;
				CLANG_WARN_EMPTY_BODY = YES;
				CLANG_WARN_ENUM_CONVERSION = YES;
				CLANG_WARN_INFINITE_RECURSION = YES;
				CLANG_WARN_INT_CONVERSION = YES;
				CLANG_WARN_NON_LITERAL_NULL_CONVERSION = YES;
				CLANG_WARN_OBJC_IMPLICIT_RETAIN_SELF = YES;
				CLANG_WARN_OBJC_LITERAL_CONVERSION = YES;
				CLANG_WARN_OBJC_ROOT_CLASS = YES_ERROR;
				CLANG_WARN_QUOTED_INCLUDE_IN_FRAMEWORK_HEADER = YES;
				CLANG_WARN_RANGE_LOOP_ANALYSIS = YES;
				CLANG_WARN_STRICT_PROTOTYPES = YES;
				CLANG_WARN_SUSPICIOUS_MOVE = YES;
				CLANG_WARN_UNGUARDED_AVAILABILITY = YES_AGGRESSIVE;
				CLANG_WARN_UNREACHABLE_CODE = YES;
				CLANG_WARN__DUPLICATE_METHOD_MATCH = YES;
				COPY_PHASE_STRIP = NO;
				DEBUG_INFORMATION_FORMAT = "dwarf-with-dsym";
				ENABLE_NS_ASSERTIONS = NO;
				ENABLE_STRICT_OBJC_MSGSEND = YES;
				GCC_C_LANGUAGE_STANDARD = gnu11;
				GCC_NO_COMMON_BLOCKS = YES;
				GCC_WARN_64_TO_32_BIT_CONVERSION = YES;
				GCC_WARN_ABOUT_RETURN_TYPE = YES_ERROR;
				GCC_WARN_UNDECLARED_SELECTOR = YES;
				GCC_WARN_UNINITIALIZED_AUTOS = YES_AGGRESSIVE;
				GCC_WARN_UNUSED_FUNCTION = YES;
				GCC_WARN_UNUSED_VARIABLE = YES;
				IPHONEOS_DEPLOYMENT_TARGET = 16.2;
				MTL_ENABLE_DEBUG_INFO = NO;
				MTL_FAST_MATH = YES;
				SDKROOT = iphoneos;
				SWIFT_COMPILATION_MODE = wholemodule;
				SWIFT_OPTIMIZATION_LEVEL = "-O";
				VALIDATE_PRODUCT = YES;
			};
			name = Release;
		};
		0E819E5B2B99E95700303071 /* Debug */ = {
			isa = XCBuildConfiguration;
			buildSettings = {
				ASSETCATALOG_COMPILER_APPICON_NAME = AppIcon;
				ASSETCATALOG_COMPILER_GLOBAL_ACCENT_COLOR_NAME = AccentColor;
				CODE_SIGN_STYLE = Automatic;
				CURRENT_PROJECT_VERSION = 1;
				DEVELOPMENT_ASSET_PATHS = "\"Twitter/Preview Content\"";
				DEVELOPMENT_TEAM = 5ZQD66TR3H;
				ENABLE_PREVIEWS = YES;
				GENERATE_INFOPLIST_FILE = YES;
				INFOPLIST_KEY_UIApplicationSceneManifest_Generation = YES;
				INFOPLIST_KEY_UIApplicationSupportsIndirectInputEvents = YES;
				INFOPLIST_KEY_UILaunchScreen_Generation = YES;
				INFOPLIST_KEY_UISupportedInterfaceOrientations_iPad = "UIInterfaceOrientationPortrait UIInterfaceOrientationPortraitUpsideDown UIInterfaceOrientationLandscapeLeft UIInterfaceOrientationLandscapeRight";
				INFOPLIST_KEY_UISupportedInterfaceOrientations_iPhone = "UIInterfaceOrientationPortrait UIInterfaceOrientationLandscapeLeft UIInterfaceOrientationLandscapeRight";
				IPHONEOS_DEPLOYMENT_TARGET = 14.0;
				LD_RUNPATH_SEARCH_PATHS = (
					"$(inherited)",
					"@executable_path/Frameworks",
				);
				MARKETING_VERSION = 1.0;
				PRODUCT_BUNDLE_IDENTIFIER = "Dan-Hozan.Twitter";
				PRODUCT_NAME = "$(TARGET_NAME)";
				SWIFT_EMIT_LOC_STRINGS = YES;
				SWIFT_VERSION = 5.0;
				TARGETED_DEVICE_FAMILY = "1,2";
			};
			name = Debug;
		};
		0E819E5C2B99E95700303071 /* Release */ = {
			isa = XCBuildConfiguration;
			buildSettings = {
				ASSETCATALOG_COMPILER_APPICON_NAME = AppIcon;
				ASSETCATALOG_COMPILER_GLOBAL_ACCENT_COLOR_NAME = AccentColor;
				CODE_SIGN_STYLE = Automatic;
				CURRENT_PROJECT_VERSION = 1;
				DEVELOPMENT_ASSET_PATHS = "\"Twitter/Preview Content\"";
				DEVELOPMENT_TEAM = 5ZQD66TR3H;
				ENABLE_PREVIEWS = YES;
				GENERATE_INFOPLIST_FILE = YES;
				INFOPLIST_KEY_UIApplicationSceneManifest_Generation = YES;
				INFOPLIST_KEY_UIApplicationSupportsIndirectInputEvents = YES;
				INFOPLIST_KEY_UILaunchScreen_Generation = YES;
				INFOPLIST_KEY_UISupportedInterfaceOrientations_iPad = "UIInterfaceOrientationPortrait UIInterfaceOrientationPortraitUpsideDown UIInterfaceOrientationLandscapeLeft UIInterfaceOrientationLandscapeRight";
				INFOPLIST_KEY_UISupportedInterfaceOrientations_iPhone = "UIInterfaceOrientationPortrait UIInterfaceOrientationLandscapeLeft UIInterfaceOrientationLandscapeRight";
				IPHONEOS_DEPLOYMENT_TARGET = 14.0;
				LD_RUNPATH_SEARCH_PATHS = (
					"$(inherited)",
					"@executable_path/Frameworks",
				);
				MARKETING_VERSION = 1.0;
				PRODUCT_BUNDLE_IDENTIFIER = "Dan-Hozan.Twitter";
				PRODUCT_NAME = "$(TARGET_NAME)";
				SWIFT_EMIT_LOC_STRINGS = YES;
				SWIFT_VERSION = 5.0;
				TARGETED_DEVICE_FAMILY = "1,2";
			};
			name = Release;
		};
/* End XCBuildConfiguration section */

/* Begin XCConfigurationList section */
		0E819E472B99E95500303071 /* Build configuration list for PBXProject "Twitter" */ = {
			isa = XCConfigurationList;
			buildConfigurations = (
				0E819E582B99E95700303071 /* Debug */,
				0E819E592B99E95700303071 /* Release */,
			);
			defaultConfigurationIsVisible = 0;
			defaultConfigurationName = Release;
		};
		0E819E5A2B99E95700303071 /* Build configuration list for PBXNativeTarget "Twitter" */ = {
			isa = XCConfigurationList;
			buildConfigurations = (
				0E819E5B2B99E95700303071 /* Debug */,
				0E819E5C2B99E95700303071 /* Release */,
			);
			defaultConfigurationIsVisible = 0;
			defaultConfigurationName = Release;
		};
/* End XCConfigurationList section */

/* Begin XCRemoteSwiftPackageReference section */
		0E172F182BA4848100125DC4 /* XCRemoteSwiftPackageReference "Kingfisher" */ = {
			isa = XCRemoteSwiftPackageReference;
			repositoryURL = "https://github.com/onevcat/Kingfisher.git";
			requirement = {
				branch = master;
				kind = branch;
			};
		};
		0E5CC6112BA31AF600E6B0F6 /* XCRemoteSwiftPackageReference "firebase-ios-sdk" */ = {
			isa = XCRemoteSwiftPackageReference;
			repositoryURL = "https://github.com/firebase/firebase-ios-sdk.git";
			requirement = {
				kind = upToNextMajorVersion;
				minimumVersion = 9.0.0;
			};
		};
/* End XCRemoteSwiftPackageReference section */

/* Begin XCSwiftPackageProductDependency section */
		0E172F192BA4848100125DC4 /* Kingfisher */ = {
			isa = XCSwiftPackageProductDependency;
			package = 0E172F182BA4848100125DC4 /* XCRemoteSwiftPackageReference "Kingfisher" */;
			productName = Kingfisher;
		};
		0E5CC6122BA31AF600E6B0F6 /* FirebaseAuth */ = {
			isa = XCSwiftPackageProductDependency;
			package = 0E5CC6112BA31AF600E6B0F6 /* XCRemoteSwiftPackageReference "firebase-ios-sdk" */;
			productName = FirebaseAuth;
		};
		0E5CC6142BA31AF600E6B0F6 /* FirebaseFirestore */ = {
			isa = XCSwiftPackageProductDependency;
			package = 0E5CC6112BA31AF600E6B0F6 /* XCRemoteSwiftPackageReference "firebase-ios-sdk" */;
			productName = FirebaseFirestore;
		};
		0E5CC6162BA31AF600E6B0F6 /* FirebaseStorage */ = {
			isa = XCSwiftPackageProductDependency;
			package = 0E5CC6112BA31AF600E6B0F6 /* XCRemoteSwiftPackageReference "firebase-ios-sdk" */;
			productName = FirebaseStorage;
		};
/* End XCSwiftPackageProductDependency section */
	};
	rootObject = 0E819E442B99E95500303071 /* Project object */;
}
